packages:
- package: calogica/dbt_expectations
  version: 0.8.2
- package: dbt-labs/dbt_external_tables
  version: 0.8.2
- package: dbt-labs/dbt_utils
  version: 1.0.0
- git: https://github.com/FlipsideCrypto/fsc-utils.git
  revision: eb33ac727af26ebc8a8cc9711d4a6ebc3790a107
- package: get-select/dbt_snowflake_query_tags
  version: 2.5.0
- git: https://github.com/FlipsideCrypto/fsc-evm.git
  revision: ebf638775784cbb2c40946a44bb576ba060d68e6
- package: calogica/dbt_date
  version: 0.7.2
- git: https://github.com/FlipsideCrypto/livequery-models.git
  revision: b024188be4e9c6bc00ed77797ebdc92d351d620e
sha1_hash: a07cd40c978c48c7b7d0bc860256941086967f7d
